
Microsoft Visual Studio Solution File, Format Version 12.00
# Visual Studio 15
VisualStudioVersion = 15.0.27004.2002
MinimumVisualStudioVersion = 10.0.40219.1
Project("{FAE04EC0-301F-11D3-BF4B-00C04F79EFBC}") = "Hello", "Hello\Hello.csproj", "{664D8973-E1A5-49D8-AB5F-D824973CC495}"
EndProject
Global
	GlobalSection(SolutionConfigurationPlatforms) = preSolution
		Debug|Any CPU = Debug|Any CPU
		Release|Any CPU = Release|Any CPU
	EndGlobalSection
	GlobalSection(ProjectConfigurationPlatforms) = postSolution
		{664D8973-E1A5-49D8-AB5F-D824973CC495}.Debug|Any CPU.ActiveCfg = Debug|Any CPU
		{664D8973-E1A5-49D8-AB5F-D824973CC495}.Debug|Any CPU.Build.0 = Debug|Any CPU
		{664D8973-E1A5-49D8-AB5F-D824973CC495}.Release|Any CPU.ActiveCfg = Release|Any CPU
		{664D8973-E1A5-49D8-AB5F-D824973CC495}.Release|Any CPU.Build.0 = Release|Any CPU
	EndGlobalSection
	GlobalSection(SolutionProperties) = preSolution
		HideSolutionNode = FALSE
	EndGlobalSection
	GlobalSection(ExtensibilityGlobals) = postSolution
		SolutionGuid = {806E751A-C380-49BD-BCBA-3A05A70962B2}
	EndGlobalSection
EndGlobal
